
Microsoft Visual Studio Solution File, Format Version 12.00
# Visual Studio Version 17
VisualStudioVersion = 17.7.34031.279
MinimumVisualStudioVersion = 10.0.40219.1
Project("{2150E333-8FDC-42A3-9474-1A3956D46DE8}") = "src", "src", "{3685654C-D723-40A5-A317-8A1EABD5E298}"
EndProject
Project("{2150E333-8FDC-42A3-9474-1A3956D46DE8}") = "Common", "Common", "{FACB505C-C8A2-4545-8CC4-94F1C096E856}"
EndProject
Project("{2150E333-8FDC-42A3-9474-1A3956D46DE8}") = "Services", "Services", "{18B7561D-3D58-4308-B052-040CB32B1951}"
EndProject
Project("{2150E333-8FDC-42A3-9474-1A3956D46DE8}") = "Authen", "Authen", "{B80AFCA3-D562-42B9-BC05-EBF88A9F4EC3}"
EndProject
Project("{2150E333-8FDC-42A3-9474-1A3956D46DE8}") = "MasterData", "MasterData", "{D8FA9D6A-C1D5-450A-AF51-0EC3D2EB8E04}"
EndProject
Project("{9A19103F-16F7-4668-BE54-9A1E7A4F7556}") = "MasterData.API", "src\Services\MasterData\MasterData.API\MasterData.API.csproj", "{521F1F03-85A5-492A-8B49-F4A3F4D0D9AE}"
EndProject
Project("{9A19103F-16F7-4668-BE54-9A1E7A4F7556}") = "MasterData.Domain", "src\Services\MasterData\MasterData.Domain\MasterData.Domain.csproj", "{8ED9332A-5772-47A3-8954-94B3C924FE26}"
EndProject
Project("{9A19103F-16F7-4668-BE54-9A1E7A4F7556}") = "Authen.API", "src\Services\Authen\Authen.API\Authen.API.csproj", "{1147B650-2D56-4E73-AFED-0AA79963CBEA}"
EndProject
Project("{9A19103F-16F7-4668-BE54-9A1E7A4F7556}") = "Authen.Domain", "src\Services\Authen\Authen.Domain\Authen.Domain.csproj", "{6F1A2CEF-4CBA-470C-B73F-AC4C17049CEE}"
EndProject
Project("{2150E333-8FDC-42A3-9474-1A3956D46DE8}") = "DemoMVC", "DemoMVC", "{0A23DCF3-0CE8-42F5-B199-B72ABEBFECC4}"
EndProject
Project("{9A19103F-16F7-4668-BE54-9A1E7A4F7556}") = "DemoMVC.App", "src\Services\DemoMVC\DemoMVC.App\DemoMVC.App.csproj", "{A8CE0ECA-4DF7-499B-AE39-937F23B42FB7}"
EndProject
Project("{9A19103F-16F7-4668-BE54-9A1E7A4F7556}") = "DemoMVC.Domain", "src\Services\DemoMVC\DemoMVC.Domain\DemoMVC.Domain.csproj", "{0E640B26-DE3C-4885-808C-7A1B93FB0BE5}"
EndProject
Project("{9A19103F-16F7-4668-BE54-9A1E7A4F7556}") = "Core", "src\Common\Core\Core.csproj", "{37658D9A-04D2-42F1-A6EC-4A80A6AAB23C}"
EndProject
Project("{9A19103F-16F7-4668-BE54-9A1E7A4F7556}") = "Infrastructure", "src\Common\Infrastructure\Infrastructure.csproj", "{93A1FAAB-BC6A-4BA3-81A6-3222F4E51844}"
EndProject
Project("{FAE04EC0-301F-11D3-BF4B-00C04F79EFBC}") = "Migration", "src\Common\Migration\Migration.csproj", "{E6BF8F9F-0656-4479-945C-2B37E47A19A6}"
EndProject
Global
	GlobalSection(SolutionConfigurationPlatforms) = preSolution
		Debug|Any CPU = Debug|Any CPU
		Release|Any CPU = Release|Any CPU
	EndGlobalSection
	GlobalSection(ProjectConfigurationPlatforms) = postSolution
		{521F1F03-85A5-492A-8B49-F4A3F4D0D9AE}.Debug|Any CPU.ActiveCfg = Debug|Any CPU
		{521F1F03-85A5-492A-8B49-F4A3F4D0D9AE}.Debug|Any CPU.Build.0 = Debug|Any CPU
		{521F1F03-85A5-492A-8B49-F4A3F4D0D9AE}.Release|Any CPU.ActiveCfg = Release|Any CPU
		{521F1F03-85A5-492A-8B49-F4A3F4D0D9AE}.Release|Any CPU.Build.0 = Release|Any CPU
		{8ED9332A-5772-47A3-8954-94B3C924FE26}.Debug|Any CPU.ActiveCfg = Debug|Any CPU
		{8ED9332A-5772-47A3-8954-94B3C924FE26}.Debug|Any CPU.Build.0 = Debug|Any CPU
		{8ED9332A-5772-47A3-8954-94B3C924FE26}.Release|Any CPU.ActiveCfg = Release|Any CPU
		{8ED9332A-5772-47A3-8954-94B3C924FE26}.Release|Any CPU.Build.0 = Release|Any CPU
		{1147B650-2D56-4E73-AFED-0AA79963CBEA}.Debug|Any CPU.ActiveCfg = Debug|Any CPU
		{1147B650-2D56-4E73-AFED-0AA79963CBEA}.Debug|Any CPU.Build.0 = Debug|Any CPU
		{1147B650-2D56-4E73-AFED-0AA79963CBEA}.Release|Any CPU.ActiveCfg = Release|Any CPU
		{1147B650-2D56-4E73-AFED-0AA79963CBEA}.Release|Any CPU.Build.0 = Release|Any CPU
		{6F1A2CEF-4CBA-470C-B73F-AC4C17049CEE}.Debug|Any CPU.ActiveCfg = Debug|Any CPU
		{6F1A2CEF-4CBA-470C-B73F-AC4C17049CEE}.Debug|Any CPU.Build.0 = Debug|Any CPU
		{6F1A2CEF-4CBA-470C-B73F-AC4C17049CEE}.Release|Any CPU.ActiveCfg = Release|Any CPU
		{6F1A2CEF-4CBA-470C-B73F-AC4C17049CEE}.Release|Any CPU.Build.0 = Release|Any CPU
		{A8CE0ECA-4DF7-499B-AE39-937F23B42FB7}.Debug|Any CPU.ActiveCfg = Debug|Any CPU
		{A8CE0ECA-4DF7-499B-AE39-937F23B42FB7}.Debug|Any CPU.Build.0 = Debug|Any CPU
		{A8CE0ECA-4DF7-499B-AE39-937F23B42FB7}.Release|Any CPU.ActiveCfg = Release|Any CPU
		{A8CE0ECA-4DF7-499B-AE39-937F23B42FB7}.Release|Any CPU.Build.0 = Release|Any CPU
		{0E640B26-DE3C-4885-808C-7A1B93FB0BE5}.Debug|Any CPU.ActiveCfg = Debug|Any CPU
		{0E640B26-DE3C-4885-808C-7A1B93FB0BE5}.Debug|Any CPU.Build.0 = Debug|Any CPU
		{0E640B26-DE3C-4885-808C-7A1B93FB0BE5}.Release|Any CPU.ActiveCfg = Release|Any CPU
		{0E640B26-DE3C-4885-808C-7A1B93FB0BE5}.Release|Any CPU.Build.0 = Release|Any CPU
		{37658D9A-04D2-42F1-A6EC-4A80A6AAB23C}.Debug|Any CPU.ActiveCfg = Debug|Any CPU
		{37658D9A-04D2-42F1-A6EC-4A80A6AAB23C}.Debug|Any CPU.Build.0 = Debug|Any CPU
		{37658D9A-04D2-42F1-A6EC-4A80A6AAB23C}.Release|Any CPU.ActiveCfg = Release|Any CPU
		{37658D9A-04D2-42F1-A6EC-4A80A6AAB23C}.Release|Any CPU.Build.0 = Release|Any CPU
		{93A1FAAB-BC6A-4BA3-81A6-3222F4E51844}.Debug|Any CPU.ActiveCfg = Debug|Any CPU
		{93A1FAAB-BC6A-4BA3-81A6-3222F4E51844}.Debug|Any CPU.Build.0 = Debug|Any CPU
		{93A1FAAB-BC6A-4BA3-81A6-3222F4E51844}.Release|Any CPU.ActiveCfg = Release|Any CPU
		{93A1FAAB-BC6A-4BA3-81A6-3222F4E51844}.Release|Any CPU.Build.0 = Release|Any CPU
		{E6BF8F9F-0656-4479-945C-2B37E47A19A6}.Debug|Any CPU.ActiveCfg = Debug|Any CPU
		{E6BF8F9F-0656-4479-945C-2B37E47A19A6}.Debug|Any CPU.Build.0 = Debug|Any CPU
		{E6BF8F9F-0656-4479-945C-2B37E47A19A6}.Release|Any CPU.ActiveCfg = Release|Any CPU
		{E6BF8F9F-0656-4479-945C-2B37E47A19A6}.Release|Any CPU.Build.0 = Release|Any CPU
	EndGlobalSection
	GlobalSection(SolutionProperties) = preSolution
		HideSolutionNode = FALSE
	EndGlobalSection
	GlobalSection(NestedProjects) = preSolution
		{FACB505C-C8A2-4545-8CC4-94F1C096E856} = {3685654C-D723-40A5-A317-8A1EABD5E298}
		{18B7561D-3D58-4308-B052-040CB32B1951} = {3685654C-D723-40A5-A317-8A1EABD5E298}
		{B80AFCA3-D562-42B9-BC05-EBF88A9F4EC3} = {18B7561D-3D58-4308-B052-040CB32B1951}
		{D8FA9D6A-C1D5-450A-AF51-0EC3D2EB8E04} = {18B7561D-3D58-4308-B052-040CB32B1951}
		{521F1F03-85A5-492A-8B49-F4A3F4D0D9AE} = {D8FA9D6A-C1D5-450A-AF51-0EC3D2EB8E04}
		{8ED9332A-5772-47A3-8954-94B3C924FE26} = {D8FA9D6A-C1D5-450A-AF51-0EC3D2EB8E04}
		{1147B650-2D56-4E73-AFED-0AA79963CBEA} = {B80AFCA3-D562-42B9-BC05-EBF88A9F4EC3}
		{6F1A2CEF-4CBA-470C-B73F-AC4C17049CEE} = {B80AFCA3-D562-42B9-BC05-EBF88A9F4EC3}
		{0A23DCF3-0CE8-42F5-B199-B72ABEBFECC4} = {18B7561D-3D58-4308-B052-040CB32B1951}
		{A8CE0ECA-4DF7-499B-AE39-937F23B42FB7} = {0A23DCF3-0CE8-42F5-B199-B72ABEBFECC4}
		{0E640B26-DE3C-4885-808C-7A1B93FB0BE5} = {0A23DCF3-0CE8-42F5-B199-B72ABEBFECC4}
		{37658D9A-04D2-42F1-A6EC-4A80A6AAB23C} = {FACB505C-C8A2-4545-8CC4-94F1C096E856}
		{93A1FAAB-BC6A-4BA3-81A6-3222F4E51844} = {FACB505C-C8A2-4545-8CC4-94F1C096E856}
		{E6BF8F9F-0656-4479-945C-2B37E47A19A6} = {FACB505C-C8A2-4545-8CC4-94F1C096E856}
	EndGlobalSection
	GlobalSection(ExtensibilityGlobals) = postSolution
		SolutionGuid = {D7BD6570-BA82-46CD-8578-5B10D4DB222B}
	EndGlobalSection
EndGlobal
